github.com/coda-it/goutils v0.1.0 h1:cK2xlksT2yD9uIVOJHxQcHGtbY3v6m0pcL/xiB7WX/I=
github.com/coda-it/goutils v0.1.0/go.mod h1:JDLjsDAubl3lvopKddkM1vZK8Ckq3FIeS6Ap5H6jTH0=
github.com/coda-it/gowebserver v1.3.0 h1:iuwzdilXviPYI685uEeuHdlx50mlmx8q1vtpmyPWN7Q=
github.com/coda-it/gowebserver v1.3.0/go.mod h1:o+uiz08s1yFRU7uT6+iNheCxfUBjWDyamSGkgfZ+kig=
